// !$*UTF8*$!
{
	archiveVersion = 1;
	classes = {
	};
	objectVersion = 70;
	objects = {

/* Begin PBXBuildFile section */
		764D998F2FEB2A8E0083696D /* GoogleService-Info.plist in Resources */ = {isa = PBXBuildFile; fileRef = 764D998E2FEB2A8E0083696D /* GoogleService-Info.plist */; };
		764D99932FEB2BCE0083696D /* FirebaseAuth in Frameworks */ = {isa = PBXBuildFile; productRef = 764D99922FEB2BCE0083696D /* FirebaseAuth */; };
		764D99952FEB2BCE0083696D /* FirebaseFirestore in Frameworks */ = {isa = PBXBuildFile; productRef = 764D99942FEB2BCE0083696D /* FirebaseFirestore */; };
		764D99982FEB2BF30083696D /* GoogleSignIn in Frameworks */ = {isa = PBXBuildFile; productRef = 764D99972FEB2BF30083696D /* GoogleSignIn */; };
		764D999A2FEB2BF30083696D /* GoogleSignInSwift in Frameworks */ = {isa = PBXBuildFile; productRef = 764D99992FEB2BF30083696D /* GoogleSignInSwift */; };
		76E107CD2FE32865009AB6A6 /* WidgetKit.framework in Frameworks */ = {isa = PBXBuildFile; fileRef = 76E107CC2FE32865009AB6A6 /* WidgetKit.framework */; };
		76E107CF2FE32865009AB6A6 /* SwiftUI.framework in Frameworks */ = {isa = PBXBuildFile; fileRef = 76E107CE2FE32865009AB6A6 /* SwiftUI.framework */; };
		76E107DE2FE32866009AB6A6 /* ScaleBridgeWidgetsExtension.appex in Embed Foundation Extensions */ = {isa = PBXBuildFile; fileRef = 76E107CA2FE32865009AB6A6 /* ScaleBridgeWidgetsExtension.appex */; settings = {ATTRIBUTES = (RemoveHeadersOnCopy, ); }; };
		AA0000000000000000000101A /* HealthKitWriter.swift in Sources */ = {isa = PBXBuildFile; fileRef = AA0000000000000000000001A /* HealthKitWriter.swift */; };
		AA0000000000000000000102A /* HistoryView.swift in Sources */ = {isa = PBXBuildFile; fileRef = AA0000000000000000000002A /* HistoryView.swift */; };
		AA0000000000000000000103A /* ProfilesView.swift in Sources */ = {isa = PBXBuildFile; fileRef = AA0000000000000000000003A /* ProfilesView.swift */; };
		AA0000000000000000000104A /* QNScaleParser.swift in Sources */ = {isa = PBXBuildFile; fileRef = AA0000000000000000000004A /* QNScaleParser.swift */; };
		AA0000000000000000000105A /* ScaleBLEManager.swift in Sources */ = {isa = PBXBuildFile; fileRef = AA0000000000000000000005A /* ScaleBLEManager.swift */; };
		AA0000000000000000000106A /* ScaleCore.swift in Sources */ = {isa = PBXBuildFile; fileRef = AA0000000000000000000006A /* ScaleCore.swift */; };
		AA0000000000000000000107A /* ScaleSyncApp.swift in Sources */ = {isa = PBXBuildFile; fileRef = AA0000000000000000000007A /* ScaleSyncApp.swift */; };
		AA0000000000000000000108A /* UserProfile.swift in Sources */ = {isa = PBXBuildFile; fileRef = AA0000000000000000000008A /* UserProfile.swift */; };
		AA0000000000000000000109A /* WeighIn.swift in Sources */ = {isa = PBXBuildFile; fileRef = AA0000000000000000000009A /* WeighIn.swift */; };
		AA000000000000000000010AA /* DesignSystem.swift in Sources */ = {isa = PBXBuildFile; fileRef = AA000000000000000000000AA /* DesignSystem.swift */; };
		AA000000000000000000010BA /* DesignComponents.swift in Sources */ = {isa = PBXBuildFile; fileRef = AA000000000000000000000BA /* DesignComponents.swift */; };
		AA000000000000000000010CA /* HistoryTabWrapper.swift in Sources */ = {isa = PBXBuildFile; fileRef = AA000000000000000000000CA /* HistoryTabWrapper.swift */; };
		AA000000000000000000010DA /* SettingsTabView.swift in Sources */ = {isa = PBXBuildFile; fileRef = AA000000000000000000000DA /* SettingsTabView.swift */; };
		AA000000000000000000010EA /* HomeView.swift in Sources */ = {isa = PBXBuildFile; fileRef = AA000000000000000000000EA /* HomeView.swift */; };
		AA000000000000000000010FA /* WeighInFlowView.swift in Sources */ = {isa = PBXBuildFile; fileRef = AA000000000000000000000FA /* WeighInFlowView.swift */; };
		AA000000000000000000010GA /* ReadingDetailSheet.swift in Sources */ = {isa = PBXBuildFile; fileRef = AA000000000000000000000GA /* ReadingDetailSheet.swift */; };
		AA000000000000000000010HA /* MetricDetailView.swift in Sources */ = {isa = PBXBuildFile; fileRef = AA000000000000000000000HA /* MetricDetailView.swift */; };
		AA000000000000000000010IA /* OnboardingView.swift in Sources */ = {isa = PBXBuildFile; fileRef = AA000000000000000000000IA /* OnboardingView.swift */; };
		AA000000000000000000010JA /* MetricRangeBar.swift in Sources */ = {isa = PBXBuildFile; fileRef = AA000000000000000000000JA /* MetricRangeBar.swift */; };
		AA000000000000000000010KA /* GoalSettingSheet.swift in Sources */ = {isa = PBXBuildFile; fileRef = AA000000000000000000000KA /* GoalSettingSheet.swift */; };
		AA000000000000000000010LA /* SharedStore.swift in Sources */ = {isa = PBXBuildFile; fileRef = AA000000000000000000000LA /* SharedStore.swift */; };
		AA000000000000000000010MA /* CloudBackupManager.swift in Sources */ = {isa = PBXBuildFile; fileRef = AA000000000000000000000MA /* CloudBackupManager.swift */; };
		AA000000000000000000010NA /* CloudBackupView.swift in Sources */ = {isa = PBXBuildFile; fileRef = AA000000000000000000000NA /* CloudBackupView.swift */; };
		AA0000000000000000000201A /* Assets.xcassets in Resources */ = {isa = PBXBuildFile; fileRef = AA0000000000000000000200A /* Assets.xcassets */; };
		AA0000000000000000000450A /* CoreBluetooth.framework in Frameworks */ = {isa = PBXBuildFile; fileRef = AA0000000000000000000400A /* CoreBluetooth.framework */; };
		AA0000000000000000000451A /* HealthKit.framework in Frameworks */ = {isa = PBXBuildFile; fileRef = AA0000000000000000000401A /* HealthKit.framework */; };
		AA0000000000000000000452A /* Combine.framework in Frameworks */ = {isa = PBXBuildFile; fileRef = AA0000000000000000000402A /* Combine.framework */; };
/* End PBXBuildFile section */

/* Begin PBXContainerItemProxy section */
		76E107DC2FE32866009AB6A6 /* PBXContainerItemProxy */ = {
			isa = PBXContainerItemProxy;
			containerPortal = AA0000000000000000000304A /* Project object */;
			proxyType = 1;
			remoteGlobalIDString = 76E107C92FE32865009AB6A6;
			remoteInfo = ScaleBridgeWidgetsExtension;
		};
/* End PBXContainerItemProxy section */

/* Begin PBXCopyFilesBuildPhase section */
		76E107DF2FE32866009AB6A6 /* Embed Foundation Extensions */ = {
			isa = PBXCopyFilesBuildPhase;
			buildActionMask = 2147483647;
			dstPath = "";
			dstSubfolderSpec = 13;
			files = (
				76E107DE2FE32866009AB6A6 /* ScaleBridgeWidgetsExtension.appex in Embed Foundation Extensions */,
			);
			name = "Embed Foundation Extensions";
			runOnlyForDeploymentPostprocessing = 0;
		};
/* End PBXCopyFilesBuildPhase section */

/* Begin PBXFileReference section */
		764D998E2FEB2A8E0083696D /* GoogleService-Info.plist */ = {isa = PBXFileReference; lastKnownFileType = text.plist.xml; path = "GoogleService-Info.plist"; sourceTree = "<group>"; };
		764D99902FEB2AE50083696D /* Info.plist */ = {isa = PBXFileReference; lastKnownFileType = text.plist; path = Info.plist; sourceTree = "<group>"; };
		76E107CA2FE32865009AB6A6 /* ScaleBridgeWidgetsExtension.appex */ = {isa = PBXFileReference; explicitFileType = "wrapper.app-extension"; includeInIndex = 0; path = ScaleBridgeWidgetsExtension.appex; sourceTree = BUILT_PRODUCTS_DIR; };
		76E107CC2FE32865009AB6A6 /* WidgetKit.framework */ = {isa = PBXFileReference; lastKnownFileType = wrapper.framework; name = WidgetKit.framework; path = System/Library/Frameworks/WidgetKit.framework; sourceTree = SDKROOT; };
		76E107CE2FE32865009AB6A6 /* SwiftUI.framework */ = {isa = PBXFileReference; lastKnownFileType = wrapper.framework; name = SwiftUI.framework; path = System/Library/Frameworks/SwiftUI.framework; sourceTree = SDKROOT; };
		AA0000000000000000000001A /* HealthKitWriter.swift */ = {isa = PBXFileReference; lastKnownFileType = sourcecode.swift; path = HealthKitWriter.swift; sourceTree = "<group>"; };
		AA0000000000000000000002A /* HistoryView.swift */ = {isa = PBXFileReference; lastKnownFileType = sourcecode.swift; path = HistoryView.swift; sourceTree = "<group>"; };
		AA0000000000000000000003A /* ProfilesView.swift */ = {isa = PBXFileReference; lastKnownFileType = sourcecode.swift; path = ProfilesView.swift; sourceTree = "<group>"; };
		AA0000000000000000000004A /* QNScaleParser.swift */ = {isa = PBXFileReference; lastKnownFileType = sourcecode.swift; path = QNScaleParser.swift; sourceTree = "<group>"; };
		AA0000000000000000000005A /* ScaleBLEManager.swift */ = {isa = PBXFileReference; lastKnownFileType = sourcecode.swift; path = ScaleBLEManager.swift; sourceTree = "<group>"; };
		AA0000000000000000000006A /* ScaleCore.swift */ = {isa = PBXFileReference; lastKnownFileType = sourcecode.swift; path = ScaleCore.swift; sourceTree = "<group>"; };
		AA0000000000000000000007A /* ScaleSyncApp.swift */ = {isa = PBXFileReference; lastKnownFileType = sourcecode.swift; path = ScaleSyncApp.swift; sourceTree = "<group>"; };
		AA0000000000000000000008A /* UserProfile.swift */ = {isa = PBXFileReference; lastKnownFileType = sourcecode.swift; path = UserProfile.swift; sourceTree = "<group>"; };
		AA0000000000000000000009A /* WeighIn.swift */ = {isa = PBXFileReference; lastKnownFileType = sourcecode.swift; path = WeighIn.swift; sourceTree = "<group>"; };
		AA000000000000000000000AA /* DesignSystem.swift */ = {isa = PBXFileReference; lastKnownFileType = sourcecode.swift; path = DesignSystem.swift; sourceTree = "<group>"; };
		AA000000000000000000000BA /* DesignComponents.swift */ = {isa = PBXFileReference; lastKnownFileType = sourcecode.swift; path = DesignComponents.swift; sourceTree = "<group>"; };
		AA000000000000000000000CA /* HistoryTabWrapper.swift */ = {isa = PBXFileReference; lastKnownFileType = sourcecode.swift; path = HistoryTabWrapper.swift; sourceTree = "<group>"; };
		AA000000000000000000000DA /* SettingsTabView.swift */ = {isa = PBXFileReference; lastKnownFileType = sourcecode.swift; path = SettingsTabView.swift; sourceTree = "<group>"; };
		AA000000000000000000000EA /* HomeView.swift */ = {isa = PBXFileReference; lastKnownFileType = sourcecode.swift; path = HomeView.swift; sourceTree = "<group>"; };
		AA000000000000000000000FA /* WeighInFlowView.swift */ = {isa = PBXFileReference; lastKnownFileType = sourcecode.swift; path = WeighInFlowView.swift; sourceTree = "<group>"; };
		AA000000000000000000000GA /* ReadingDetailSheet.swift */ = {isa = PBXFileReference; lastKnownFileType = sourcecode.swift; path = ReadingDetailSheet.swift; sourceTree = "<group>"; };
		AA000000000000000000000HA /* MetricDetailView.swift */ = {isa = PBXFileReference; lastKnownFileType = sourcecode.swift; path = MetricDetailView.swift; sourceTree = "<group>"; };
		AA000000000000000000000IA /* OnboardingView.swift */ = {isa = PBXFileReference; lastKnownFileType = sourcecode.swift; path = OnboardingView.swift; sourceTree = "<group>"; };
		AA000000000000000000000JA /* MetricRangeBar.swift */ = {isa = PBXFileReference; lastKnownFileType = sourcecode.swift; path = MetricRangeBar.swift; sourceTree = "<group>"; };
		AA000000000000000000000KA /* GoalSettingSheet.swift */ = {isa = PBXFileReference; lastKnownFileType = sourcecode.swift; path = GoalSettingSheet.swift; sourceTree = "<group>"; };
		AA000000000000000000000LA /* SharedStore.swift */ = {isa = PBXFileReference; lastKnownFileType = sourcecode.swift; path = SharedStore.swift; sourceTree = "<group>"; };
		AA000000000000000000000MA /* CloudBackupManager.swift */ = {isa = PBXFileReference; lastKnownFileType = sourcecode.swift; path = CloudBackupManager.swift; sourceTree = "<group>"; };
		AA000000000000000000000NA /* CloudBackupView.swift */ = {isa = PBXFileReference; lastKnownFileType = sourcecode.swift; path = CloudBackupView.swift; sourceTree = "<group>"; };
		AA000000000000000000000MA /* CloudBackupManager.swift */ = {isa = PBXFileReference; lastKnownFileType = sourcecode.swift; path = CloudBackupManager.swift; sourceTree = "<group>"; };
		AA000000000000000000000NA /* CloudBackupView.swift */ = {isa = PBXFileReference; lastKnownFileType = sourcecode.swift; path = CloudBackupView.swift; sourceTree = "<group>"; };
		AA0000000000000000000200A /* Assets.xcassets */ = {isa = PBXFileReference; lastKnownFileType = folder.assetcatalog; path = Assets.xcassets; sourceTree = "<group>"; };
		AA0000000000000000000202A /* ScaleBridge.entitlements */ = {isa = PBXFileReference; lastKnownFileType = text.plist.entitlements; path = ScaleBridge.entitlements; sourceTree = "<group>"; };
		AA0000000000000000000313A /* ScaleBridge.app */ = {isa = PBXFileReference; explicitFileType = wrapper.application; includeInIndex = 0; path = ScaleBridge.app; sourceTree = BUILT_PRODUCTS_DIR; };
		AA0000000000000000000400A /* CoreBluetooth.framework */ = {isa = PBXFileReference; lastKnownFileType = wrapper.framework; name = CoreBluetooth.framework; path = System/Library/Frameworks/CoreBluetooth.framework; sourceTree = SDKROOT; };
		AA0000000000000000000401A /* HealthKit.framework */ = {isa = PBXFileReference; lastKnownFileType = wrapper.framework; name = HealthKit.framework; path = System/Library/Frameworks/HealthKit.framework; sourceTree = SDKROOT; };
		AA0000000000000000000402A /* Combine.framework */ = {isa = PBXFileReference; lastKnownFileType = wrapper.framework; name = Combine.framework; path = System/Library/Frameworks/Combine.framework; sourceTree = SDKROOT; };
/* End PBXFileReference section */

/* Begin PBXFileSystemSynchronizedBuildFileExceptionSet section */
		76E107E22FE32866009AB6A6 /* PBXFileSystemSynchronizedBuildFileExceptionSet */ = {
			isa = PBXFileSystemSynchronizedBuildFileExceptionSet;
			membershipExceptions = (
				Info.plist,
			);
			target = 76E107C92FE32865009AB6A6 /* ScaleBridgeWidgetsExtension */;
		};
/* End PBXFileSystemSynchronizedBuildFileExceptionSet section */

/* Begin PBXFileSystemSynchronizedRootGroup section */
		76E107D02FE32865009AB6A6 /* ScaleBridgeWidgets */ = {isa = PBXFileSystemSynchronizedRootGroup; exceptions = (76E107E22FE32866009AB6A6 /* PBXFileSystemSynchronizedBuildFileExceptionSet */, ); explicitFileTypes = {}; explicitFolders = (); path = ScaleBridgeWidgets; sourceTree = "<group>"; };
/* End PBXFileSystemSynchronizedRootGroup section */

/* Begin PBXFrameworksBuildPhase section */
		76E107C72FE32865009AB6A6 /* Frameworks */ = {
			isa = PBXFrameworksBuildPhase;
			buildActionMask = 2147483647;
			files = (
				76E107CF2FE32865009AB6A6 /* SwiftUI.framework in Frameworks */,
				76E107CD2FE32865009AB6A6 /* WidgetKit.framework in Frameworks */,
			);
			runOnlyForDeploymentPostprocessing = 0;
		};
		AA0000000000000000000311A /* Frameworks */ = {
			isa = PBXFrameworksBuildPhase;
			buildActionMask = 2147483647;
			files = (
				AA0000000000000000000450A /* CoreBluetooth.framework in Frameworks */,
				AA0000000000000000000451A /* HealthKit.framework in Frameworks */,
				764D999A2FEB2BF30083696D /* GoogleSignInSwift in Frameworks */,
				AA0000000000000000000452A /* Combine.framework in Frameworks */,
				764D99952FEB2BCE0083696D /* FirebaseFirestore in Frameworks */,
				764D99932FEB2BCE0083696D /* FirebaseAuth in Frameworks */,
				764D99982FEB2BF30083696D /* GoogleSignIn in Frameworks */,
			);
			runOnlyForDeploymentPostprocessing = 0;
		};
/* End PBXFrameworksBuildPhase section */

/* Begin PBXGroup section */
		761530612FD4852300C3C906 /* Recovered References */ = {
			isa = PBXGroup;
			children = (
				AA0000000000000000000400A /* CoreBluetooth.framework */,
				AA0000000000000000000401A /* HealthKit.framework */,
				AA0000000000000000000402A /* Combine.framework */,
			);
			name = "Recovered References";
			sourceTree = "<group>";
		};
		76E107CB2FE32865009AB6A6 /* Frameworks */ = {
			isa = PBXGroup;
			children = (
				76E107CC2FE32865009AB6A6 /* WidgetKit.framework */,
				76E107CE2FE32865009AB6A6 /* SwiftUI.framework */,
			);
			name = Frameworks;
			sourceTree = "<group>";
		};
		AA0000000000000000000300A = {
			isa = PBXGroup;
			children = (
				AA0000000000000000000350A /* ScaleBridge */,
				76E107D02FE32865009AB6A6 /* ScaleBridgeWidgets */,
				76E107CB2FE32865009AB6A6 /* Frameworks */,
				AA0000000000000000000312A /* Products */,
				761530612FD4852300C3C906 /* Recovered References */,
			);
			sourceTree = "<group>";
		};
		AA0000000000000000000312A /* Products */ = {
			isa = PBXGroup;
			children = (
				AA0000000000000000000313A /* ScaleBridge.app */,
				76E107CA2FE32865009AB6A6 /* ScaleBridgeWidgetsExtension.appex */,
			);
			name = Products;
			sourceTree = "<group>";
		};
		AA0000000000000000000350A /* ScaleBridge */ = {
			isa = PBXGroup;
			children = (
				764D99902FEB2AE50083696D /* Info.plist */,
				AA000000000000000000000AA /* DesignSystem.swift */,
				AA000000000000000000000BA /* DesignComponents.swift */,
				AA000000000000000000000CA /* HistoryTabWrapper.swift */,
				AA000000000000000000000DA /* SettingsTabView.swift */,
				AA000000000000000000000EA /* HomeView.swift */,
				AA000000000000000000000FA /* WeighInFlowView.swift */,
				AA000000000000000000000GA /* ReadingDetailSheet.swift */,
				AA000000000000000000000HA /* MetricDetailView.swift */,
				AA000000000000000000000IA /* OnboardingView.swift */,
				AA000000000000000000000JA /* MetricRangeBar.swift */,
				AA000000000000000000000KA /* GoalSettingSheet.swift */,
				AA000000000000000000000LA /* SharedStore.swift */,
				AA000000000000000000000MA /* CloudBackupManager.swift */,
				AA000000000000000000000NA /* CloudBackupView.swift */,
				AA0000000000000000000001A /* HealthKitWriter.swift */,
				AA0000000000000000000002A /* HistoryView.swift */,
				AA0000000000000000000003A /* ProfilesView.swift */,
				AA0000000000000000000004A /* QNScaleParser.swift */,
				AA0000000000000000000005A /* ScaleBLEManager.swift */,
				AA0000000000000000000006A /* ScaleCore.swift */,
				AA0000000000000000000007A /* ScaleSyncApp.swift */,
				AA0000000000000000000008A /* UserProfile.swift */,
				AA0000000000000000000009A /* WeighIn.swift */,
				AA0000000000000000000200A /* Assets.xcassets */,
				AA0000000000000000000202A /* ScaleBridge.entitlements */,
				764D998E2FEB2A8E0083696D /* GoogleService-Info.plist */,
			);
			path = ScaleBridge;
			sourceTree = "<group>";
		};
/* End PBXGroup section */

/* Begin PBXNativeTarget section */
		76E107C92FE32865009AB6A6 /* ScaleBridgeWidgetsExtension */ = {
			isa = PBXNativeTarget;
			buildConfigurationList = 76E107E32FE32866009AB6A6 /* Build configuration list for PBXNativeTarget "ScaleBridgeWidgetsExtension" */;
			buildPhases = (
				76E107C62FE32865009AB6A6 /* Sources */,
				76E107C72FE32865009AB6A6 /* Frameworks */,
				76E107C82FE32865009AB6A6 /* Resources */,
			);
			buildRules = (
			);
			dependencies = (
			);
			fileSystemSynchronizedGroups = (
				76E107D02FE32865009AB6A6 /* ScaleBridgeWidgets */,
			);
			name = ScaleBridgeWidgetsExtension;
			packageProductDependencies = (
			);
			productName = ScaleBridgeWidgetsExtension;
			productReference = 76E107CA2FE32865009AB6A6 /* ScaleBridgeWidgetsExtension.appex */;
			productType = "com.apple.product-type.app-extension";
		};
		AA0000000000000000000303A /* ScaleBridge */ = {
			isa = PBXNativeTarget;
			buildConfigurationList = AA0000000000000000000306A /* Build configuration list for PBXNativeTarget "ScaleBridge" */;
			buildPhases = (
				AA0000000000000000000301A /* Sources */,
				AA0000000000000000000302A /* Resources */,
				AA0000000000000000000311A /* Frameworks */,
				76E107DF2FE32866009AB6A6 /* Embed Foundation Extensions */,
			);
			buildRules = (
			);
			dependencies = (
				76E107DD2FE32866009AB6A6 /* PBXTargetDependency */,
			);
			name = ScaleBridge;
			productName = ScaleBridge;
			productReference = AA0000000000000000000313A /* ScaleBridge.app */;
			productType = "com.apple.product-type.application";
		};
/* End PBXNativeTarget section */

/* Begin PBXProject section */
		AA0000000000000000000304A /* Project object */ = {
			isa = PBXProject;
			attributes = {
				LastSwiftUpdateCheck = 2700;
				TargetAttributes = {
					76E107C92FE32865009AB6A6 = {
						CreatedOnToolsVersion = 27.0;
					};
				};
			};
			buildConfigurationList = AA0000000000000000000305A /* Build configuration list for PBXProject "ScaleBridge" */;
			compatibilityVersion = "Xcode 14.0";
			developmentRegion = en;
			hasScannedForEncodings = 0;
			knownRegions = (
				en,
				Base,
			);
			mainGroup = AA0000000000000000000300A;
			packageReferences = (
				764D99912FEB2BCE0083696D /* XCRemoteSwiftPackageReference "firebase-ios-sdk" */,
				764D99962FEB2BF30083696D /* XCRemoteSwiftPackageReference "GoogleSignIn-iOS" */,
			);
			productRefGroup = AA0000000000000000000312A /* Products */;
			projectDirPath = "";
			projectRoot = "";
			targets = (
				AA0000000000000000000303A /* ScaleBridge */,
				76E107C92FE32865009AB6A6 /* ScaleBridgeWidgetsExtension */,
			);
		};
/* End PBXProject section */

/* Begin PBXResourcesBuildPhase section */
		76E107C82FE32865009AB6A6 /* Resources */ = {
			isa = PBXResourcesBuildPhase;
			buildActionMask = 2147483647;
			files = (
			);
			runOnlyForDeploymentPostprocessing = 0;
		};
		AA0000000000000000000302A /* Resources */ = {
			isa = PBXResourcesBuildPhase;
			buildActionMask = 2147483647;
			files = (
				AA0000000000000000000201A /* Assets.xcassets in Resources */,
				764D998F2FEB2A8E0083696D /* GoogleService-Info.plist in Resources */,
			);
			runOnlyForDeploymentPostprocessing = 0;
		};
/* End PBXResourcesBuildPhase section */

/* Begin PBXSourcesBuildPhase section */
		76E107C62FE32865009AB6A6 /* Sources */ = {
			isa = PBXSourcesBuildPhase;
			buildActionMask = 2147483647;
			files = (
			);
			runOnlyForDeploymentPostprocessing = 0;
		};
		AA0000000000000000000301A /* Sources */ = {
			isa = PBXSourcesBuildPhase;
			buildActionMask = 2147483647;
			files = (
				AA000000000000000000010AA /* DesignSystem.swift in Sources */,
				AA000000000000000000010BA /* DesignComponents.swift in Sources */,
				AA000000000000000000010CA /* HistoryTabWrapper.swift in Sources */,
				AA000000000000000000010DA /* SettingsTabView.swift in Sources */,
				AA000000000000000000010EA /* HomeView.swift in Sources */,
				AA000000000000000000010FA /* WeighInFlowView.swift in Sources */,
				AA000000000000000000010GA /* ReadingDetailSheet.swift in Sources */,
				AA000000000000000000010HA /* MetricDetailView.swift in Sources */,
				AA000000000000000000010IA /* OnboardingView.swift in Sources */,
				AA000000000000000000010JA /* MetricRangeBar.swift in Sources */,
				AA000000000000000000010KA /* GoalSettingSheet.swift in Sources */,
				AA000000000000000000010LA /* SharedStore.swift in Sources */,
				AA000000000000000000010MA /* CloudBackupManager.swift in Sources */,
				AA000000000000000000010NA /* CloudBackupView.swift in Sources */,
				AA0000000000000000000101A /* HealthKitWriter.swift in Sources */,
				AA0000000000000000000102A /* HistoryView.swift in Sources */,
				AA0000000000000000000103A /* ProfilesView.swift in Sources */,
				AA0000000000000000000104A /* QNScaleParser.swift in Sources */,
				AA0000000000000000000105A /* ScaleBLEManager.swift in Sources */,
				AA0000000000000000000106A /* ScaleCore.swift in Sources */,
				AA0000000000000000000107A /* ScaleSyncApp.swift in Sources */,
				AA0000000000000000000108A /* UserProfile.swift in Sources */,
				AA0000000000000000000109A /* WeighIn.swift in Sources */,
			);
			runOnlyForDeploymentPostprocessing = 0;
		};
/* End PBXSourcesBuildPhase section */

/* Begin PBXTargetDependency section */
		76E107DD2FE32866009AB6A6 /* PBXTargetDependency */ = {
			isa = PBXTargetDependency;
			target = 76E107C92FE32865009AB6A6 /* ScaleBridgeWidgetsExtension */;
			targetProxy = 76E107DC2FE32866009AB6A6 /* PBXContainerItemProxy */;
		};
/* End PBXTargetDependency section */

/* Begin XCBuildConfiguration section */
		76E107E02FE32866009AB6A6 /* Debug */ = {
			isa = XCBuildConfiguration;
			buildSettings = {
				ASSETCATALOG_COMPILER_GENERATE_SWIFT_ASSET_SYMBOL_EXTENSIONS = YES;
				ASSETCATALOG_COMPILER_GLOBAL_ACCENT_COLOR_NAME = AccentColor;
				ASSETCATALOG_COMPILER_WIDGET_BACKGROUND_COLOR_NAME = WidgetBackground;
				CLANG_ANALYZER_NONNULL = YES;
				CLANG_ANALYZER_NUMBER_OBJECT_CONVERSION = YES_AGGRESSIVE;
				CLANG_CXX_LANGUAGE_STANDARD = "gnu++20";
				CLANG_ENABLE_OBJC_ARC = YES;
				CLANG_ENABLE_OBJC_WEAK = YES;
				CLANG_WARN_BLOCK_CAPTURE_AUTORELEASING = YES;
				CLANG_WARN_BOOL_CONVERSION = YES;
				CLANG_WARN_COMMA = YES;
				CLANG_WARN_CONSTANT_CONVERSION = YES;
				CLANG_WARN_DEPRECATED_OBJC_IMPLEMENTATIONS = YES;
				CLANG_WARN_DIRECT_OBJC_ISA_USAGE = YES_ERROR;
				CLANG_WARN_DOCUMENTATION_COMMENTS = YES;
				CLANG_WARN_EMPTY_BODY = YES;
				CLANG_WARN_ENUM_CONVERSION = YES;
				CLANG_WARN_INFINITE_RECURSION = YES;
				CLANG_WARN_INT_CONVERSION = YES;
				CLANG_WARN_NON_LITERAL_NULL_CONVERSION = YES;
				CLANG_WARN_OBJC_IMPLICIT_RETAIN_SELF = YES;
				CLANG_WARN_OBJC_LITERAL_CONVERSION = YES;
				CLANG_WARN_OBJC_ROOT_CLASS = YES_ERROR;
				CLANG_WARN_QUOTED_INCLUDE_IN_FRAMEWORK_HEADER = YES;
				CLANG_WARN_RANGE_LOOP_ANALYSIS = YES;
				CLANG_WARN_STRICT_PROTOTYPES = YES;
				CLANG_WARN_SUSPICIOUS_MOVE = YES;
				CLANG_WARN_UNGUARDED_AVAILABILITY = YES_AGGRESSIVE;
				CLANG_WARN_UNREACHABLE_CODE = YES;
				CLANG_WARN__DUPLICATE_METHOD_MATCH = YES;
				CODE_SIGN_ENTITLEMENTS = ScaleBridgeWidgets/ScaleBridgeWidgets.entitlements;
				CODE_SIGN_STYLE = Automatic;
				CURRENT_PROJECT_VERSION = 1;
				DEVELOPMENT_TEAM = A5CX8H4MPQ;
				ENABLE_USER_SCRIPT_SANDBOXING = YES;
				GCC_NO_COMMON_BLOCKS = YES;
				GCC_WARN_64_TO_32_BIT_CONVERSION = YES;
				GCC_WARN_ABOUT_RETURN_TYPE = YES_ERROR;
				GCC_WARN_UNDECLARED_SELECTOR = YES;
				GCC_WARN_UNINITIALIZED_AUTOS = YES_AGGRESSIVE;
				GCC_WARN_UNUSED_FUNCTION = YES;
				GCC_WARN_UNUSED_VARIABLE = YES;
				GENERATE_INFOPLIST_FILE = YES;
				INFOPLIST_FILE = ScaleBridgeWidgets/Info.plist;
				INFOPLIST_KEY_CFBundleDisplayName = ScaleBridgeWidgets;
				INFOPLIST_KEY_NSHumanReadableCopyright = "";
				IPHONEOS_DEPLOYMENT_TARGET = 27.0;
				LD_RUNPATH_SEARCH_PATHS = (
					"$(inherited)",
					"@executable_path/Frameworks",
					"@executable_path/../../Frameworks",
				);
				LOCALIZATION_PREFERS_STRING_CATALOGS = YES;
				MARKETING_VERSION = 1.0;
				PRODUCT_BUNDLE_IDENTIFIER = com.ishubhamsingh.ScaleBridge.ScaleBridgeWidgets;
				PRODUCT_NAME = "$(TARGET_NAME)";
				SKIP_INSTALL = YES;
				STRING_CATALOG_GENERATE_SYMBOLS = YES;
				SWIFT_ACTIVE_COMPILATION_CONDITIONS = "DEBUG $(inherited)";
				SWIFT_APPROACHABLE_CONCURRENCY = YES;
				SWIFT_EMIT_LOC_STRINGS = YES;
				SWIFT_UPCOMING_FEATURE_MEMBER_IMPORT_VISIBILITY = YES;
				SWIFT_VERSION = 5.0;
				TARGETED_DEVICE_FAMILY = "1,2";
			};
			name = Debug;
		};
		76E107E12FE32866009AB6A6 /* Release */ = {
			isa = XCBuildConfiguration;
			buildSettings = {
				ASSETCATALOG_COMPILER_GENERATE_SWIFT_ASSET_SYMBOL_EXTENSIONS = YES;
				ASSETCATALOG_COMPILER_GLOBAL_ACCENT_COLOR_NAME = AccentColor;
				ASSETCATALOG_COMPILER_WIDGET_BACKGROUND_COLOR_NAME = WidgetBackground;
				CLANG_ANALYZER_NONNULL = YES;
				CLANG_ANALYZER_NUMBER_OBJECT_CONVERSION = YES_AGGRESSIVE;
				CLANG_CXX_LANGUAGE_STANDARD = "gnu++20";
				CLANG_ENABLE_MODULES = YES;
				CLANG_ENABLE_OBJC_ARC = YES;
				CLANG_ENABLE_OBJC_WEAK = YES;
				CLANG_WARN_BLOCK_CAPTURE_AUTORELEASING = YES;
				CLANG_WARN_BOOL_CONVERSION = YES;
				CLANG_WARN_COMMA = YES;
				CLANG_WARN_CONSTANT_CONVERSION = YES;
				CLANG_WARN_DEPRECATED_OBJC_IMPLEMENTATIONS = YES;
				CLANG_WARN_DIRECT_OBJC_ISA_USAGE = YES_ERROR;
				CLANG_WARN_DOCUMENTATION_COMMENTS = YES;
				CLANG_WARN_EMPTY_BODY = YES;
				CLANG_WARN_ENUM_CONVERSION = YES;
				CLANG_WARN_INFINITE_RECURSION = YES;
				CLANG_WARN_INT_CONVERSION = YES;
				CLANG_WARN_NON_LITERAL_NULL_CONVERSION = YES;
				CLANG_WARN_OBJC_IMPLICIT_RETAIN_SELF = YES;
				CLANG_WARN_OBJC_LITERAL_CONVERSION = YES;
				CLANG_WARN_OBJC_ROOT_CLASS = YES_ERROR;
				CLANG_WARN_QUOTED_INCLUDE_IN_FRAMEWORK_HEADER = YES;
				CLANG_WARN_RANGE_LOOP_ANALYSIS = YES;
				CLANG_WARN_STRICT_PROTOTYPES = YES;
				CLANG_WARN_SUSPICIOUS_MOVE = YES;
				CLANG_WARN_UNGUARDED_AVAILABILITY = YES_AGGRESSIVE;
				CLANG_WARN_UNREACHABLE_CODE = YES;
				CLANG_WARN__DUPLICATE_METHOD_MATCH = YES;
				CODE_SIGN_ENTITLEMENTS = ScaleBridgeWidgets/ScaleBridgeWidgets.entitlements;
				CODE_SIGN_STYLE = Automatic;
				CURRENT_PROJECT_VERSION = 1;
				DEVELOPMENT_TEAM = A5CX8H4MPQ;
				ENABLE_USER_SCRIPT_SANDBOXING = YES;
				GCC_NO_COMMON_BLOCKS = YES;
				GCC_WARN_64_TO_32_BIT_CONVERSION = YES;
				GCC_WARN_ABOUT_RETURN_TYPE = YES_ERROR;
				GCC_WARN_UNDECLARED_SELECTOR = YES;
				GCC_WARN_UNINITIALIZED_AUTOS = YES_AGGRESSIVE;
				GCC_WARN_UNUSED_FUNCTION = YES;
				GCC_WARN_UNUSED_VARIABLE = YES;
				GENERATE_INFOPLIST_FILE = YES;
				INFOPLIST_FILE = ScaleBridgeWidgets/Info.plist;
				INFOPLIST_KEY_CFBundleDisplayName = ScaleBridgeWidgets;
				INFOPLIST_KEY_NSHumanReadableCopyright = "";
				IPHONEOS_DEPLOYMENT_TARGET = 27.0;
				LD_RUNPATH_SEARCH_PATHS = (
					"$(inherited)",
					"@executable_path/Frameworks",
					"@executable_path/../../Frameworks",
				);
				LOCALIZATION_PREFERS_STRING_CATALOGS = YES;
				MARKETING_VERSION = 1.0;
				MTL_ENABLE_DEBUG_INFO = NO;
				PRODUCT_BUNDLE_IDENTIFIER = com.ishubhamsingh.ScaleBridge.ScaleBridgeWidgets;
				PRODUCT_NAME = "$(TARGET_NAME)";
				SKIP_INSTALL = YES;
				STRING_CATALOG_GENERATE_SYMBOLS = YES;
				SWIFT_APPROACHABLE_CONCURRENCY = YES;
				SWIFT_EMIT_LOC_STRINGS = YES;
				SWIFT_UPCOMING_FEATURE_MEMBER_IMPORT_VISIBILITY = YES;
				SWIFT_VERSION = 5.0;
				TARGETED_DEVICE_FAMILY = "1,2";
			};
			name = Release;
		};
		AA0000000000000000000307A /* Debug */ = {
			isa = XCBuildConfiguration;
			buildSettings = {
				ALWAYS_SEARCH_USER_PATHS = NO;
				CLANG_ENABLE_MODULES = YES;
				COPY_PHASE_STRIP = NO;
				DEBUG_INFORMATION_FORMAT = dwarf;
				ENABLE_STRICT_OBJC_MSGSEND = YES;
				ENABLE_TESTABILITY = YES;
				GCC_C_LANGUAGE_STANDARD = gnu17;
				GCC_DYNAMIC_NO_PIC = NO;
				GCC_OPTIMIZATION_LEVEL = 0;
				GCC_PREPROCESSOR_DEFINITIONS = (
					"DEBUG=1",
					"$(inherited)",
				);
				MTL_ENABLE_DEBUG_INFO = INCLUDE_SOURCE;
				MTL_FAST_MATH = YES;
				ONLY_ACTIVE_ARCH = YES;
				SDKROOT = iphoneos;
				SWIFT_ACTIVE_COMPILATION_CONDITIONS = DEBUG;
				SWIFT_OPTIMIZATION_LEVEL = "-Onone";
			};
			name = Debug;
		};
		AA0000000000000000000308A /* Release */ = {
			isa = XCBuildConfiguration;
			buildSettings = {
				ALWAYS_SEARCH_USER_PATHS = NO;
				COPY_PHASE_STRIP = NO;
				DEBUG_INFORMATION_FORMAT = "dwarf-with-dsym";
				ENABLE_NS_ASSERTIONS = NO;
				ENABLE_STRICT_OBJC_MSGSEND = YES;
				GCC_C_LANGUAGE_STANDARD = gnu17;
				MTL_FAST_MATH = YES;
				SDKROOT = iphoneos;
				SWIFT_COMPILATION_MODE = wholemodule;
				SWIFT_OPTIMIZATION_LEVEL = "-O";
				VALIDATE_PRODUCT = YES;
			};
			name = Release;
		};
		AA0000000000000000000309A /* Debug */ = {
			isa = XCBuildConfiguration;
			buildSettings = {
				ASSETCATALOG_COMPILER_APPICON_NAME = AppIcon;
				CODE_SIGN_ENTITLEMENTS = ScaleBridge/ScaleBridge.entitlements;
				CODE_SIGN_STYLE = Automatic;
				CURRENT_PROJECT_VERSION = 1;
				DEVELOPMENT_TEAM = A5CX8H4MPQ;
				GENERATE_INFOPLIST_FILE = YES;
				INFOPLIST_FILE = ScaleBridge/Info.plist;
				INFOPLIST_KEY_NSBluetoothAlwaysUsageDescription = "ScaleBridge needs Bluetooth to connect to your body-composition scale.";
				INFOPLIST_KEY_NSBluetoothPeripheralUsageDescription = "ScaleBridge needs Bluetooth to connect to your body-composition scale.";
				INFOPLIST_KEY_NSHealthShareUsageDescription = "ScaleBridge reads body measurements from Apple Health.";
				INFOPLIST_KEY_NSHealthUpdateUsageDescription = "ScaleBridge writes weight and body composition to Apple Health.";
				INFOPLIST_KEY_UIApplicationSceneManifest_Generation = YES;
				INFOPLIST_KEY_UIApplicationSupportsIndirectInputEvents = YES;
				INFOPLIST_KEY_UILaunchScreen_Generation = YES;
				INFOPLIST_KEY_UISupportedInterfaceOrientations_iPhone = "UIInterfaceOrientationPortrait UIInterfaceOrientationLandscapeLeft UIInterfaceOrientationLandscapeRight";
				IPHONEOS_DEPLOYMENT_TARGET = 26.0;
				MARKETING_VERSION = 1.0;
				PRODUCT_BUNDLE_IDENTIFIER = com.ishubhamsingh.ScaleBridge;
				PRODUCT_NAME = ScaleBridge;
				SWIFT_EMIT_LOC_STRINGS = YES;
				SWIFT_VERSION = 5.0;
				TARGETED_DEVICE_FAMILY = 1;
			};
			name = Debug;
		};
		AA0000000000000000000310A /* Release */ = {
			isa = XCBuildConfiguration;
			buildSettings = {
				ASSETCATALOG_COMPILER_APPICON_NAME = AppIcon;
				CODE_SIGN_ENTITLEMENTS = ScaleBridge/ScaleBridge.entitlements;
				CODE_SIGN_STYLE = Automatic;
				CURRENT_PROJECT_VERSION = 1;
				DEVELOPMENT_TEAM = A5CX8H4MPQ;
				GENERATE_INFOPLIST_FILE = YES;
				INFOPLIST_FILE = ScaleBridge/Info.plist;
				INFOPLIST_KEY_NSBluetoothAlwaysUsageDescription = "ScaleBridge needs Bluetooth to connect to your body-composition scale.";
				INFOPLIST_KEY_NSBluetoothPeripheralUsageDescription = "ScaleBridge needs Bluetooth to connect to your body-composition scale.";
				INFOPLIST_KEY_NSHealthShareUsageDescription = "ScaleBridge reads body measurements from Apple Health.";
				INFOPLIST_KEY_NSHealthUpdateUsageDescription = "ScaleBridge writes weight and body composition to Apple Health.";
				INFOPLIST_KEY_UIApplicationSceneManifest_Generation = YES;
				INFOPLIST_KEY_UIApplicationSupportsIndirectInputEvents = YES;
				INFOPLIST_KEY_UILaunchScreen_Generation = YES;
				INFOPLIST_KEY_UISupportedInterfaceOrientations_iPhone = "UIInterfaceOrientationPortrait UIInterfaceOrientationLandscapeLeft UIInterfaceOrientationLandscapeRight";
				IPHONEOS_DEPLOYMENT_TARGET = 26.0;
				MARKETING_VERSION = 1.0;
				PRODUCT_BUNDLE_IDENTIFIER = com.ishubhamsingh.ScaleBridge;
				PRODUCT_NAME = ScaleBridge;
				SWIFT_EMIT_LOC_STRINGS = YES;
				SWIFT_VERSION = 5.0;
				TARGETED_DEVICE_FAMILY = 1;
			};
			name = Release;
		};
/* End XCBuildConfiguration section */

/* Begin XCConfigurationList section */
		76E107E32FE32866009AB6A6 /* Build configuration list for PBXNativeTarget "ScaleBridgeWidgetsExtension" */ = {
			isa = XCConfigurationList;
			buildConfigurations = (
				76E107E02FE32866009AB6A6 /* Debug */,
				76E107E12FE32866009AB6A6 /* Release */,
			);
			defaultConfigurationIsVisible = 0;
			defaultConfigurationName = Release;
		};
		AA0000000000000000000305A /* Build configuration list for PBXProject "ScaleBridge" */ = {
			isa = XCConfigurationList;
			buildConfigurations = (
				AA0000000000000000000307A /* Debug */,
				AA0000000000000000000308A /* Release */,
			);
			defaultConfigurationIsVisible = 0;
			defaultConfigurationName = Release;
		};
		AA0000000000000000000306A /* Build configuration list for PBXNativeTarget "ScaleBridge" */ = {
			isa = XCConfigurationList;
			buildConfigurations = (
				AA0000000000000000000309A /* Debug */,
				AA0000000000000000000310A /* Release */,
			);
			defaultConfigurationIsVisible = 0;
			defaultConfigurationName = Release;
		};
/* End XCConfigurationList section */

/* Begin XCRemoteSwiftPackageReference section */
		764D99912FEB2BCE0083696D /* XCRemoteSwiftPackageReference "firebase-ios-sdk" */ = {
			isa = XCRemoteSwiftPackageReference;
			repositoryURL = "https://github.com/firebase/firebase-ios-sdk";
			requirement = {
				kind = upToNextMajorVersion;
				minimumVersion = 12.15.0;
			};
		};
		764D99962FEB2BF30083696D /* XCRemoteSwiftPackageReference "GoogleSignIn-iOS" */ = {
			isa = XCRemoteSwiftPackageReference;
			repositoryURL = "https://github.com/google/GoogleSignIn-iOS";
			requirement = {
				kind = upToNextMajorVersion;
				minimumVersion = 9.2.0;
			};
		};
/* End XCRemoteSwiftPackageReference section */

/* Begin XCSwiftPackageProductDependency section */
		764D99922FEB2BCE0083696D /* FirebaseAuth */ = {
			isa = XCSwiftPackageProductDependency;
			package = 764D99912FEB2BCE0083696D /* XCRemoteSwiftPackageReference "firebase-ios-sdk" */;
			productName = FirebaseAuth;
		};
		764D99942FEB2BCE0083696D /* FirebaseFirestore */ = {
			isa = XCSwiftPackageProductDependency;
			package = 764D99912FEB2BCE0083696D /* XCRemoteSwiftPackageReference "firebase-ios-sdk" */;
			productName = FirebaseFirestore;
		};
		764D99972FEB2BF30083696D /* GoogleSignIn */ = {
			isa = XCSwiftPackageProductDependency;
			package = 764D99962FEB2BF30083696D /* XCRemoteSwiftPackageReference "GoogleSignIn-iOS" */;
			productName = GoogleSignIn;
		};
		764D99992FEB2BF30083696D /* GoogleSignInSwift */ = {
			isa = XCSwiftPackageProductDependency;
			package = 764D99962FEB2BF30083696D /* XCRemoteSwiftPackageReference "GoogleSignIn-iOS" */;
			productName = GoogleSignInSwift;
		};
/* End XCSwiftPackageProductDependency section */
	};
	rootObject = AA0000000000000000000304A /* Project object */;
}
